
Microsoft Visual Studio Solution File, Format Version 11.00
# Visual Studio 2010
Project("{FAE04EC0-301F-11D3-BF4B-00C04F79EFBC}") = "Assembly-CSharp", "Assembly-CSharp.csproj", "{7578D898-0C14-DFCF-0271-E4A1490C5953}"
EndProject
Project("{FAE04EC0-301F-11D3-BF4B-00C04F79EFBC}") = "Assembly-CSharp-firstpass", "Assembly-CSharp-firstpass.csproj", "{7852C961-94FD-D9D2-95F1-0F8FDA749FD7}"
EndProject
Project("{FAE04EC0-301F-11D3-BF4B-00C04F79EFBC}") = "Assembly-CSharp-Editor-firstpass", "Assembly-CSharp-Editor-firstpass.csproj", "{421D366D-43BC-0459-1674-F2D2D979CADB}"
EndProject
Project("{FAE04EC0-301F-11D3-BF4B-00C04F79EFBC}") = "Assembly-CSharp-Editor", "Assembly-CSharp-Editor.csproj", "{B856809E-C88C-4965-FD4E-40706B185588}"
EndProject
Global
	GlobalSection(SolutionConfigurationPlatforms) = preSolution
		Debug|Any CPU = Debug|Any CPU
		Release|Any CPU = Release|Any CPU
	EndGlobalSection
	GlobalSection(ProjectConfigurationPlatforms) = postSolution
		{7578D898-0C14-DFCF-0271-E4A1490C5953}.Debug|Any CPU.ActiveCfg = Debug|Any CPU
		{7578D898-0C14-DFCF-0271-E4A1490C5953}.Debug|Any CPU.Build.0 = Debug|Any CPU
		{7578D898-0C14-DFCF-0271-E4A1490C5953}.Release|Any CPU.ActiveCfg = Release|Any CPU
		{7578D898-0C14-DFCF-0271-E4A1490C5953}.Release|Any CPU.Build.0 = Release|Any CPU
		{7852C961-94FD-D9D2-95F1-0F8FDA749FD7}.Debug|Any CPU.ActiveCfg = Debug|Any CPU
		{7852C961-94FD-D9D2-95F1-0F8FDA749FD7}.Debug|Any CPU.Build.0 = Debug|Any CPU
		{7852C961-94FD-D9D2-95F1-0F8FDA749FD7}.Release|Any CPU.ActiveCfg = Release|Any CPU
		{7852C961-94FD-D9D2-95F1-0F8FDA749FD7}.Release|Any CPU.Build.0 = Release|Any CPU
		{421D366D-43BC-0459-1674-F2D2D979CADB}.Debug|Any CPU.ActiveCfg = Debug|Any CPU
		{421D366D-43BC-0459-1674-F2D2D979CADB}.Debug|Any CPU.Build.0 = Debug|Any CPU
		{421D366D-43BC-0459-1674-F2D2D979CADB}.Release|Any CPU.ActiveCfg = Release|Any CPU
		{421D366D-43BC-0459-1674-F2D2D979CADB}.Release|Any CPU.Build.0 = Release|Any CPU
		{B856809E-C88C-4965-FD4E-40706B185588}.Debug|Any CPU.ActiveCfg = Debug|Any CPU
		{B856809E-C88C-4965-FD4E-40706B185588}.Debug|Any CPU.Build.0 = Debug|Any CPU
		{B856809E-C88C-4965-FD4E-40706B185588}.Release|Any CPU.ActiveCfg = Release|Any CPU
		{B856809E-C88C-4965-FD4E-40706B185588}.Release|Any CPU.Build.0 = Release|Any CPU
	EndGlobalSection
	GlobalSection(SolutionProperties) = preSolution
		HideSolutionNode = FALSE
	EndGlobalSection
EndGlobal
